
Microsoft Visual Studio Solution File, Format Version 12.00
# Visual Studio 14
VisualStudioVersion = 14.0.23107.0
MinimumVisualStudioVersion = 10.0.40219.1
Project("{FAE04EC0-301F-11D3-BF4B-00C04F79EFBC}") = "WpfApplication", "WpfApplication\WpfApplication.csproj", "{B1596163-004A-45ED-8AFE-D480C1545E12}"
EndProject
Global
	GlobalSection(SolutionConfigurationPlatforms) = preSolution
		Debug|Any CPU = Debug|Any CPU
		Release|Any CPU = Release|Any CPU
	EndGlobalSection
	GlobalSection(ProjectConfigurationPlatforms) = postSolution
		{B1596163-004A-45ED-8AFE-D480C1545E12}.Debug|Any CPU.ActiveCfg = Debug|Any CPU
		{B1596163-004A-45ED-8AFE-D480C1545E12}.Debug|Any CPU.Build.0 = Debug|Any CPU
		{B1596163-004A-45ED-8AFE-D480C1545E12}.Release|Any CPU.ActiveCfg = Release|Any CPU
		{B1596163-004A-45ED-8AFE-D480C1545E12}.Release|Any CPU.Build.0 = Release|Any CPU
	EndGlobalSection
	GlobalSection(SolutionProperties) = preSolution
		HideSolutionNode = FALSE
	EndGlobalSection
EndGlobal
